
Microsoft Visual Studio Solution File, Format Version 12.00
# Visual Studio 15
VisualStudioVersion = 15.0.26124.0
MinimumVisualStudioVersion = 15.0.26124.0
Project("{2150E333-8FDC-42A3-9474-1A3956D46DE8}") = "CleanArch.Application", "CleanArch.Application", "{F3B16C50-8497-11E9-93A5-B3B17D6FFD56}"
EndProject
Project("{2150E333-8FDC-42A3-9474-1A3956D46DE8}") = "CleanArch.Domain", "CleanArch.Domain", "{064AC690-8498-11E9-93A5-B3B17D6FFD56}"
EndProject
Project("{2150E333-8FDC-42A3-9474-1A3956D46DE8}") = "CleanArch.Infra.Data", "CleanArch.Infra.Data", "{11B76D80-8498-11E9-93A5-B3B17D6FFD56}"
EndProject
Project("{2150E333-8FDC-42A3-9474-1A3956D46DE8}") = "CleanArch.Infra.IoC", "CleanArch.Infra.IoC", "{1A9CCD50-8498-11E9-93A5-B3B17D6FFD56}"
EndProject
Project("{2150E333-8FDC-42A3-9474-1A3956D46DE8}") = "CleanArch.UI.Mvc", "CleanArch.UI.Mvc", "{2C9E0640-8498-11E9-93A5-B3B17D6FFD56}"
EndProject
Project("{FAE04EC0-301F-11D3-BF4B-00C04F79EFBC}") = "CleanArch.Mvc", "CleanArch.Mvc\CleanArch.Mvc.csproj", "{7105014C-B3D1-49BE-8342-8AD23318A24B}"
EndProject
Global
	GlobalSection(SolutionConfigurationPlatforms) = preSolution
		Debug|Any CPU = Debug|Any CPU
		Debug|x64 = Debug|x64
		Debug|x86 = Debug|x86
		Release|Any CPU = Release|Any CPU
		Release|x64 = Release|x64
		Release|x86 = Release|x86
	EndGlobalSection
	GlobalSection(SolutionProperties) = preSolution
		HideSolutionNode = FALSE
	EndGlobalSection
	GlobalSection(ProjectConfigurationPlatforms) = postSolution
		{7105014C-B3D1-49BE-8342-8AD23318A24B}.Debug|Any CPU.ActiveCfg = Debug|Any CPU
		{7105014C-B3D1-49BE-8342-8AD23318A24B}.Debug|Any CPU.Build.0 = Debug|Any CPU
		{7105014C-B3D1-49BE-8342-8AD23318A24B}.Debug|x64.ActiveCfg = Debug|Any CPU
		{7105014C-B3D1-49BE-8342-8AD23318A24B}.Debug|x64.Build.0 = Debug|Any CPU
		{7105014C-B3D1-49BE-8342-8AD23318A24B}.Debug|x86.ActiveCfg = Debug|Any CPU
		{7105014C-B3D1-49BE-8342-8AD23318A24B}.Debug|x86.Build.0 = Debug|Any CPU
		{7105014C-B3D1-49BE-8342-8AD23318A24B}.Release|Any CPU.ActiveCfg = Release|Any CPU
		{7105014C-B3D1-49BE-8342-8AD23318A24B}.Release|Any CPU.Build.0 = Release|Any CPU
		{7105014C-B3D1-49BE-8342-8AD23318A24B}.Release|x64.ActiveCfg = Release|Any CPU
		{7105014C-B3D1-49BE-8342-8AD23318A24B}.Release|x64.Build.0 = Release|Any CPU
		{7105014C-B3D1-49BE-8342-8AD23318A24B}.Release|x86.ActiveCfg = Release|Any CPU
		{7105014C-B3D1-49BE-8342-8AD23318A24B}.Release|x86.Build.0 = Release|Any CPU
	EndGlobalSection
	GlobalSection(NestedProjects) = preSolution
		{7105014C-B3D1-49BE-8342-8AD23318A24B} = {2C9E0640-8498-11E9-93A5-B3B17D6FFD56}
	EndGlobalSection
EndGlobal
